
Microsoft Visual Studio Solution File, Format Version 12.00
# Visual Studio Version 16
VisualStudioVersion = 16.0.31424.327
MinimumVisualStudioVersion = 10.0.40219.1
Project("{9A19103F-16F7-4668-BE54-9A1E7A4F7556}") = "RequestResponseLoggingMiddlewareAPI", "RequestResponseLoggingMiddlewareAPI\RequestResponseLoggingMiddlewareAPI.csproj", "{26C4B0A5-2786-40DA-B547-2BFE7F0EF088}"
EndProject
Project("{9A19103F-16F7-4668-BE54-9A1E7A4F7556}") = "APILoggingLibrary", "APILoggingLibrary\APILoggingLibrary.csproj", "{258BEAAF-9553-4862-87C7-6802D2D71639}"
EndProject
Global
	GlobalSection(SolutionConfigurationPlatforms) = preSolution
		Debug|Any CPU = Debug|Any CPU
		Release|Any CPU = Release|Any CPU
	EndGlobalSection
	GlobalSection(ProjectConfigurationPlatforms) = postSolution
		{26C4B0A5-2786-40DA-B547-2BFE7F0EF088}.Debug|Any CPU.ActiveCfg = Debug|Any CPU
		{26C4B0A5-2786-40DA-B547-2BFE7F0EF088}.Debug|Any CPU.Build.0 = Debug|Any CPU
		{26C4B0A5-2786-40DA-B547-2BFE7F0EF088}.Release|Any CPU.ActiveCfg = Release|Any CPU
		{26C4B0A5-2786-40DA-B547-2BFE7F0EF088}.Release|Any CPU.Build.0 = Release|Any CPU
		{258BEAAF-9553-4862-87C7-6802D2D71639}.Debug|Any CPU.ActiveCfg = Debug|Any CPU
		{258BEAAF-9553-4862-87C7-6802D2D71639}.Debug|Any CPU.Build.0 = Debug|Any CPU
		{258BEAAF-9553-4862-87C7-6802D2D71639}.Release|Any CPU.ActiveCfg = Release|Any CPU
		{258BEAAF-9553-4862-87C7-6802D2D71639}.Release|Any CPU.Build.0 = Release|Any CPU
	EndGlobalSection
	GlobalSection(SolutionProperties) = preSolution
		HideSolutionNode = FALSE
	EndGlobalSection
	GlobalSection(ExtensibilityGlobals) = postSolution
		SolutionGuid = {15DBC9B4-7CE5-4951-A181-432D4B9F462F}
	EndGlobalSection
EndGlobal
